
Microsoft Visual Studio Solution File, Format Version 12.00
# Visual Studio Version 16
VisualStudioVersion = 16.0.30330.147
MinimumVisualStudioVersion = 10.0.40219.1
Project("{8BC9CEB8-8B4A-11D0-8D11-00A0C91BC942}") = "ATL90311-2", "ATL90311-2\ATL90311-2.vcxproj", "{87851E85-08AB-40B7-8B08-704EFEA3AEB0}"
EndProject
Project("{8BC9CEB8-8B4A-11D0-8D11-00A0C91BC942}") = "ATL90311-2PS", "ATL90311-2PS\ATL90311-2PS.vcxproj", "{69365CEB-739F-4551-A04A-A2991B37753B}"
	ProjectSection(ProjectDependencies) = postProject
		{87851E85-08AB-40B7-8B08-704EFEA3AEB0} = {87851E85-08AB-40B7-8B08-704EFEA3AEB0}
	EndProjectSection
EndProject
Project("{F184B08F-C81C-45F6-A57F-5ABD9991F28F}") = "ClientVB", "ClientVB\ClientVB.vbproj", "{9A425D69-77FA-4A47-8D00-244EBD3A7CFB}"
EndProject
Global
	GlobalSection(SolutionConfigurationPlatforms) = preSolution
		Debug|Any CPU = Debug|Any CPU
		Debug|x64 = Debug|x64
		Debug|x86 = Debug|x86
		Release|Any CPU = Release|Any CPU
		Release|x64 = Release|x64
		Release|x86 = Release|x86
	EndGlobalSection
	GlobalSection(ProjectConfigurationPlatforms) = postSolution
		{87851E85-08AB-40B7-8B08-704EFEA3AEB0}.Debug|Any CPU.ActiveCfg = Debug|Win32
		{87851E85-08AB-40B7-8B08-704EFEA3AEB0}.Debug|x64.ActiveCfg = Debug|x64
		{87851E85-08AB-40B7-8B08-704EFEA3AEB0}.Debug|x64.Build.0 = Debug|x64
		{87851E85-08AB-40B7-8B08-704EFEA3AEB0}.Debug|x86.ActiveCfg = Debug|Win32
		{87851E85-08AB-40B7-8B08-704EFEA3AEB0}.Debug|x86.Build.0 = Debug|Win32
		{87851E85-08AB-40B7-8B08-704EFEA3AEB0}.Release|Any CPU.ActiveCfg = Release|Win32
		{87851E85-08AB-40B7-8B08-704EFEA3AEB0}.Release|x64.ActiveCfg = Release|x64
		{87851E85-08AB-40B7-8B08-704EFEA3AEB0}.Release|x64.Build.0 = Release|x64
		{87851E85-08AB-40B7-8B08-704EFEA3AEB0}.Release|x86.ActiveCfg = Release|Win32
		{87851E85-08AB-40B7-8B08-704EFEA3AEB0}.Release|x86.Build.0 = Release|Win32
		{69365CEB-739F-4551-A04A-A2991B37753B}.Debug|Any CPU.ActiveCfg = Debug|Win32
		{69365CEB-739F-4551-A04A-A2991B37753B}.Debug|x64.ActiveCfg = Debug|x64
		{69365CEB-739F-4551-A04A-A2991B37753B}.Debug|x86.ActiveCfg = Debug|Win32
		{69365CEB-739F-4551-A04A-A2991B37753B}.Release|Any CPU.ActiveCfg = Release|Win32
		{69365CEB-739F-4551-A04A-A2991B37753B}.Release|x64.ActiveCfg = Release|x64
		{69365CEB-739F-4551-A04A-A2991B37753B}.Release|x86.ActiveCfg = Release|Win32
		{9A425D69-77FA-4A47-8D00-244EBD3A7CFB}.Debug|Any CPU.ActiveCfg = Debug|Any CPU
		{9A425D69-77FA-4A47-8D00-244EBD3A7CFB}.Debug|Any CPU.Build.0 = Debug|Any CPU
		{9A425D69-77FA-4A47-8D00-244EBD3A7CFB}.Debug|x64.ActiveCfg = Debug|Any CPU
		{9A425D69-77FA-4A47-8D00-244EBD3A7CFB}.Debug|x64.Build.0 = Debug|Any CPU
		{9A425D69-77FA-4A47-8D00-244EBD3A7CFB}.Debug|x86.ActiveCfg = Debug|Any CPU
		{9A425D69-77FA-4A47-8D00-244EBD3A7CFB}.Debug|x86.Build.0 = Debug|Any CPU
		{9A425D69-77FA-4A47-8D00-244EBD3A7CFB}.Release|Any CPU.ActiveCfg = Release|Any CPU
		{9A425D69-77FA-4A47-8D00-244EBD3A7CFB}.Release|Any CPU.Build.0 = Release|Any CPU
		{9A425D69-77FA-4A47-8D00-244EBD3A7CFB}.Release|x64.ActiveCfg = Release|Any CPU
		{9A425D69-77FA-4A47-8D00-244EBD3A7CFB}.Release|x64.Build.0 = Release|Any CPU
		{9A425D69-77FA-4A47-8D00-244EBD3A7CFB}.Release|x86.ActiveCfg = Release|Any CPU
		{9A425D69-77FA-4A47-8D00-244EBD3A7CFB}.Release|x86.Build.0 = Release|Any CPU
	EndGlobalSection
	GlobalSection(SolutionProperties) = preSolution
		HideSolutionNode = FALSE
	EndGlobalSection
	GlobalSection(ExtensibilityGlobals) = postSolution
		SolutionGuid = {AEA6594F-FEB1-4C73-9B69-9AD01FFD5CBD}
	EndGlobalSection
EndGlobal
